
Microsoft Visual Studio Solution File, Format Version 12.00
# Visual Studio Version 17
VisualStudioVersion = 17.9.34728.123
MinimumVisualStudioVersion = 10.0.40219.1
Project("{FAE04EC0-301F-11D3-BF4B-00C04F79EFBC}") = "Question1", "Question1.csproj", "{7FE015E4-20B8-49B2-9F8C-9700A1A2EA30}"
EndProject
Global
	GlobalSection(SolutionConfigurationPlatforms) = preSolution
		Debug|Any CPU = Debug|Any CPU
		Release|Any CPU = Release|Any CPU
	EndGlobalSection
	GlobalSection(ProjectConfigurationPlatforms) = postSolution
		{7FE015E4-20B8-49B2-9F8C-9700A1A2EA30}.Debug|Any CPU.ActiveCfg = Debug|Any CPU
		{7FE015E4-20B8-49B2-9F8C-9700A1A2EA30}.Debug|Any CPU.Build.0 = Debug|Any CPU
		{7FE015E4-20B8-49B2-9F8C-9700A1A2EA30}.Release|Any CPU.ActiveCfg = Release|Any CPU
		{7FE015E4-20B8-49B2-9F8C-9700A1A2EA30}.Release|Any CPU.Build.0 = Release|Any CPU
	EndGlobalSection
	GlobalSection(SolutionProperties) = preSolution
		HideSolutionNode = FALSE
	EndGlobalSection
	GlobalSection(ExtensibilityGlobals) = postSolution
		SolutionGuid = {64713BA6-89E3-4876-8C36-19F80F53406B}
	EndGlobalSection
EndGlobal
